
Microsoft Visual Studio Solution File, Format Version 12.00
# Visual Studio 14
VisualStudioVersion = 14.0.23107.0
MinimumVisualStudioVersion = 10.0.40219.1
Project("{FAE04EC0-301F-11D3-BF4B-00C04F79EFBC}") = "SimpleBlog", "SimpleBlog\SimpleBlog.csproj", "{EAAFFCB2-A829-45D2-8675-5991248DF7E9}"
EndProject
Global
	GlobalSection(SolutionConfigurationPlatforms) = preSolution
		Debug|Any CPU = Debug|Any CPU
		Release|Any CPU = Release|Any CPU
	EndGlobalSection
	GlobalSection(ProjectConfigurationPlatforms) = postSolution
		{EAAFFCB2-A829-45D2-8675-5991248DF7E9}.Debug|Any CPU.ActiveCfg = Debug|Any CPU
		{EAAFFCB2-A829-45D2-8675-5991248DF7E9}.Debug|Any CPU.Build.0 = Debug|Any CPU
		{EAAFFCB2-A829-45D2-8675-5991248DF7E9}.Release|Any CPU.ActiveCfg = Release|Any CPU
		{EAAFFCB2-A829-45D2-8675-5991248DF7E9}.Release|Any CPU.Build.0 = Release|Any CPU
	EndGlobalSection
	GlobalSection(SolutionProperties) = preSolution
		HideSolutionNode = FALSE
	EndGlobalSection
EndGlobal
